
Microsoft Visual Studio Solution File, Format Version 12.00
# Visual Studio Version 17
VisualStudioVersion = 17.5.33424.131
MinimumVisualStudioVersion = 10.0.40219.1
Project("{888888A0-9F3D-457C-B088-3A5042F75D52}") = "Work2", "Work2\Work2.pyproj", "{D1293AEB-4536-41F4-AA27-685764BEADF1}"
EndProject
Project("{888888A0-9F3D-457C-B088-3A5042F75D52}") = "Work1", "Work1\Work1.pyproj", "{677735E7-9620-482C-913E-FB633B21D24F}"
EndProject
Global
	GlobalSection(SolutionConfigurationPlatforms) = preSolution
		Debug|Any CPU = Debug|Any CPU
		Release|Any CPU = Release|Any CPU
	EndGlobalSection
	GlobalSection(ProjectConfigurationPlatforms) = postSolution
		{D1293AEB-4536-41F4-AA27-685764BEADF1}.Debug|Any CPU.ActiveCfg = Debug|Any CPU
		{D1293AEB-4536-41F4-AA27-685764BEADF1}.Release|Any CPU.ActiveCfg = Release|Any CPU
		{677735E7-9620-482C-913E-FB633B21D24F}.Debug|Any CPU.ActiveCfg = Debug|Any CPU
		{677735E7-9620-482C-913E-FB633B21D24F}.Release|Any CPU.ActiveCfg = Release|Any CPU
	EndGlobalSection
	GlobalSection(SolutionProperties) = preSolution
		HideSolutionNode = FALSE
	EndGlobalSection
	GlobalSection(ExtensibilityGlobals) = postSolution
		SolutionGuid = {E73C90D0-5073-44BC-AD56-0C2CA792D1C0}
	EndGlobalSection
EndGlobal
